
Microsoft Visual Studio Solution File, Format Version 12.00
# Visual Studio Version 16
VisualStudioVersion = 16.0.30621.155
MinimumVisualStudioVersion = 10.0.40219.1
Project("{888888A0-9F3D-457C-B088-3A5042F75D52}") = "05", "05\05.pyproj", "{531FAD35-69E6-4AE3-87F1-18646A4052DB}"
EndProject
Global
	GlobalSection(SolutionConfigurationPlatforms) = preSolution
		Debug|Any CPU = Debug|Any CPU
		Release|Any CPU = Release|Any CPU
	EndGlobalSection
	GlobalSection(ProjectConfigurationPlatforms) = postSolution
		{531FAD35-69E6-4AE3-87F1-18646A4052DB}.Debug|Any CPU.ActiveCfg = Debug|Any CPU
		{531FAD35-69E6-4AE3-87F1-18646A4052DB}.Release|Any CPU.ActiveCfg = Release|Any CPU
	EndGlobalSection
	GlobalSection(SolutionProperties) = preSolution
		HideSolutionNode = FALSE
	EndGlobalSection
	GlobalSection(ExtensibilityGlobals) = postSolution
		SolutionGuid = {199C595D-BB9C-4D73-921E-9036A57E1581}
	EndGlobalSection
EndGlobal
