
Microsoft Visual Studio Solution File, Format Version 12.00
# Visual Studio Version 16
VisualStudioVersion = 16.0.30621.155
MinimumVisualStudioVersion = 10.0.40219.1
Project("{888888A0-9F3D-457C-B088-3A5042F75D52}") = "08", "08\08.pyproj", "{B7A666BC-22C7-408F-B1A0-A05E20285220}"
EndProject
Global
	GlobalSection(SolutionConfigurationPlatforms) = preSolution
		Debug|Any CPU = Debug|Any CPU
		Release|Any CPU = Release|Any CPU
	EndGlobalSection
	GlobalSection(ProjectConfigurationPlatforms) = postSolution
		{B7A666BC-22C7-408F-B1A0-A05E20285220}.Debug|Any CPU.ActiveCfg = Debug|Any CPU
		{B7A666BC-22C7-408F-B1A0-A05E20285220}.Release|Any CPU.ActiveCfg = Release|Any CPU
	EndGlobalSection
	GlobalSection(SolutionProperties) = preSolution
		HideSolutionNode = FALSE
	EndGlobalSection
	GlobalSection(ExtensibilityGlobals) = postSolution
		SolutionGuid = {4FF854D2-B65A-4ED3-A6DC-4DC374F604C0}
	EndGlobalSection
EndGlobal
