
Microsoft Visual Studio Solution File, Format Version 12.00
# Visual Studio Version 16
VisualStudioVersion = 16.0.30621.155
MinimumVisualStudioVersion = 10.0.40219.1
Project("{888888A0-9F3D-457C-B088-3A5042F75D52}") = "04", "04\04.pyproj", "{2BA3122C-E6F7-4364-80DE-C1FE234443F0}"
EndProject
Global
	GlobalSection(SolutionConfigurationPlatforms) = preSolution
		Debug|Any CPU = Debug|Any CPU
		Release|Any CPU = Release|Any CPU
	EndGlobalSection
	GlobalSection(ProjectConfigurationPlatforms) = postSolution
		{2BA3122C-E6F7-4364-80DE-C1FE234443F0}.Debug|Any CPU.ActiveCfg = Debug|Any CPU
		{2BA3122C-E6F7-4364-80DE-C1FE234443F0}.Release|Any CPU.ActiveCfg = Release|Any CPU
	EndGlobalSection
	GlobalSection(SolutionProperties) = preSolution
		HideSolutionNode = FALSE
	EndGlobalSection
	GlobalSection(ExtensibilityGlobals) = postSolution
		SolutionGuid = {7036C08B-1B00-4329-A73F-C6EB109E7045}
	EndGlobalSection
EndGlobal
