
Microsoft Visual Studio Solution File, Format Version 12.00
# Visual Studio Version 16
VisualStudioVersion = 16.0.30621.155
MinimumVisualStudioVersion = 10.0.40219.1
Project("{888888A0-9F3D-457C-B088-3A5042F75D52}") = "07", "07\07.pyproj", "{680D28C4-D81A-48F5-9456-D3E471E21AFB}"
EndProject
Global
	GlobalSection(SolutionConfigurationPlatforms) = preSolution
		Debug|Any CPU = Debug|Any CPU
		Release|Any CPU = Release|Any CPU
	EndGlobalSection
	GlobalSection(ProjectConfigurationPlatforms) = postSolution
		{680D28C4-D81A-48F5-9456-D3E471E21AFB}.Debug|Any CPU.ActiveCfg = Debug|Any CPU
		{680D28C4-D81A-48F5-9456-D3E471E21AFB}.Release|Any CPU.ActiveCfg = Release|Any CPU
	EndGlobalSection
	GlobalSection(SolutionProperties) = preSolution
		HideSolutionNode = FALSE
	EndGlobalSection
	GlobalSection(ExtensibilityGlobals) = postSolution
		SolutionGuid = {118B7B6D-68D4-4D61-A5E6-7A7DEE8652FE}
	EndGlobalSection
EndGlobal
