
Microsoft Visual Studio Solution File, Format Version 12.00
# Visual Studio Version 16
VisualStudioVersion = 16.0.30621.155
MinimumVisualStudioVersion = 10.0.40219.1
Project("{888888A0-9F3D-457C-B088-3A5042F75D52}") = "13", "13\13.pyproj", "{B5574DDC-45A5-47C9-AA88-58475F165E81}"
EndProject
Global
	GlobalSection(SolutionConfigurationPlatforms) = preSolution
		Debug|Any CPU = Debug|Any CPU
		Release|Any CPU = Release|Any CPU
	EndGlobalSection
	GlobalSection(ProjectConfigurationPlatforms) = postSolution
		{B5574DDC-45A5-47C9-AA88-58475F165E81}.Debug|Any CPU.ActiveCfg = Debug|Any CPU
		{B5574DDC-45A5-47C9-AA88-58475F165E81}.Release|Any CPU.ActiveCfg = Release|Any CPU
	EndGlobalSection
	GlobalSection(SolutionProperties) = preSolution
		HideSolutionNode = FALSE
	EndGlobalSection
	GlobalSection(ExtensibilityGlobals) = postSolution
		SolutionGuid = {7FC57C54-9659-4220-9D20-DE9A9879BE00}
	EndGlobalSection
EndGlobal
