
Microsoft Visual Studio Solution File, Format Version 12.00
# Visual Studio Version 16
VisualStudioVersion = 16.0.30621.155
MinimumVisualStudioVersion = 10.0.40219.1
Project("{888888A0-9F3D-457C-B088-3A5042F75D52}") = "02", "02\02.pyproj", "{204DCE1C-F571-473E-A25D-A16170FFDE33}"
EndProject
Global
	GlobalSection(SolutionConfigurationPlatforms) = preSolution
		Debug|Any CPU = Debug|Any CPU
		Release|Any CPU = Release|Any CPU
	EndGlobalSection
	GlobalSection(ProjectConfigurationPlatforms) = postSolution
		{204DCE1C-F571-473E-A25D-A16170FFDE33}.Debug|Any CPU.ActiveCfg = Debug|Any CPU
		{204DCE1C-F571-473E-A25D-A16170FFDE33}.Release|Any CPU.ActiveCfg = Release|Any CPU
	EndGlobalSection
	GlobalSection(SolutionProperties) = preSolution
		HideSolutionNode = FALSE
	EndGlobalSection
	GlobalSection(ExtensibilityGlobals) = postSolution
		SolutionGuid = {FE2023BB-AFBC-4792-AE3F-BD37C2A64FB2}
	EndGlobalSection
EndGlobal
